{
  "object": {
    "pins": [
      {
        "package": "Alamofire",
        "repositoryURL": "https://github.com/Alamofire/Alamofire.git",
        "state": {
          "branch": null,
          "revision": "d120af1e8638c7da36c8481fd61a66c0c08dc4fc",
          "version": "5.4.4"
        }
      },
      {
        "package": "BigInt",
        "repositoryURL": "https://github.com/attaswift/BigInt.git",
        "state": {
          "branch": null,
          "revision": "0ed110f7555c34ff468e72e1686e59721f2b0da6",
          "version": "5.3.0"
        }
      },
      {
        "package": "bls-eth-swift",
        "repositoryURL": "https://github.com/MyEtherWallet/bls-eth-swift.git",
        "state": {
          "branch": null,
          "revision": "d1e5e19f80aaee7c7ec8f28c92291abc5c0e840e",
          "version": "1.0.1"
        }
      },
      {
        "package": "SafariWalletCore",
        "repositoryURL": "https://github.com/Safari-Wallet/core",
        "state": {
          "branch": "main",
          "revision": "236cb7e5b32bc01c0068d35e5806d601532e0441",
          "version": null
        }
      },
      {
        "package": "CryptoSwift",
        "repositoryURL": "https://github.com/krzyzanowskim/CryptoSwift.git",
        "state": {
          "branch": null,
          "revision": "4b0565384d3c4c588af09e660535b2c7c9bf5b39",
          "version": "1.4.2"
        }
      },
      {
        "package": "MEWwalletKit",
        "repositoryURL": "https://github.com/MyEtherWallet/mew-wallet-ios-kit",
        "state": {
          "branch": null,
          "revision": "63823d1623156ba0b9f7f619ff0abad343d6c49b",
          "version": "1.4.14"
        }
      },
      {
        "package": "MEW-wallet-iOS-secp256k1-package",
        "repositoryURL": "https://github.com/MyEtherWallet/MEW-wallet-iOS-secp256k1-package.git",
        "state": {
          "branch": null,
          "revision": "57f15cedc8c641b518cf9eb0caa87c95feeda3c9",
          "version": "1.0.1"
        }
      },
      {
        "package": "MEWwalletTweetNacl",
        "repositoryURL": "https://github.com/MyEtherWallet/mew-wallet-ios-tweetnacl.git",
        "state": {
          "branch": null,
          "revision": "fc7d17268f38b363cbf79eed5f03e1297e5a0bb7",
          "version": "1.0.0"
        }
      }
    ]
  },
  "version": 1
}
